
Microsoft Visual Studio Solution File, Format Version 12.00
# Visual Studio 15
VisualStudioVersion = 15.0.27130.2027
MinimumVisualStudioVersion = 10.0.40219.1
Project("{2150E333-8FDC-42A3-9474-1A3956D46DE8}") = "PricingService", "PricingService", "{2DC44AB7-0293-4716-94A2-08AB73845E42}"
EndProject
Project("{2150E333-8FDC-42A3-9474-1A3956D46DE8}") = "PolicyService", "PolicyService", "{FA1CF9C6-CEBC-46E7-9600-19EEF0B2A5A5}"
EndProject
Project("{2150E333-8FDC-42A3-9474-1A3956D46DE8}") = "PaymentService", "PaymentService", "{70790C14-65DB-474C-845A-FEC9E054C392}"
EndProject
Project("{2150E333-8FDC-42A3-9474-1A3956D46DE8}") = "UI", "UI", "{C327388E-BB5F-4D6D-BC14-79CAFCF746C6}"
EndProject
Project("{2150E333-8FDC-42A3-9474-1A3956D46DE8}") = "Services", "Services", "{6397EED4-FDE3-446F-9E84-8784269D9A61}"
EndProject
Project("{9A19103F-16F7-4668-BE54-9A1E7A4F7556}") = "PricingService.Api", "PricingService.Api\PricingService.Api.csproj", "{97B87D5F-A00B-44C1-940D-B6B62D7EC447}"
EndProject
Project("{9A19103F-16F7-4668-BE54-9A1E7A4F7556}") = "PricingService.Web", "PricingService.Web\PricingService.Web.csproj", "{1853F77F-26C1-4EA7-9375-9428402EE234}"
EndProject
Project("{9A19103F-16F7-4668-BE54-9A1E7A4F7556}") = "PricingService.Bo", "PricingService.Bo\PricingService.Bo.csproj", "{777F8DC0-C111-4BF9-A20D-414887CF4535}"
EndProject
Project("{9A19103F-16F7-4668-BE54-9A1E7A4F7556}") = "PolicyService.Api", "PolicyService.Api\PolicyService.Api.csproj", "{D4FFEE23-943C-41A1-8DDF-2F8AAEA57B2A}"
EndProject
Project("{9A19103F-16F7-4668-BE54-9A1E7A4F7556}") = "PolicyService.Bo", "PolicyService.Bo\PolicyService.Bo.csproj", "{DAEE2D99-39BE-4D03-89AA-BF8133351CA0}"
EndProject
Project("{9A19103F-16F7-4668-BE54-9A1E7A4F7556}") = "PolicyService.Web", "PolicyService.Web\PolicyService.Web.csproj", "{F457B211-8412-4CAB-AA9B-B0EDA7D463D1}"
EndProject
Project("{9A19103F-16F7-4668-BE54-9A1E7A4F7556}") = "PaymentService.Api", "PaymentService.Api\PaymentService.Api.csproj", "{9B0EF294-9F87-4A06-8A94-2469F60D14B8}"
EndProject
Project("{9A19103F-16F7-4668-BE54-9A1E7A4F7556}") = "PaymentService.Bo", "PaymentService.Bo\PaymentService.Bo.csproj", "{54AAED45-71D3-44F4-80C0-72F9A19FD3AA}"
EndProject
Project("{9A19103F-16F7-4668-BE54-9A1E7A4F7556}") = "PaymentService.Web", "PaymentService.Web\PaymentService.Web.csproj", "{C7FA430A-AC85-470A-8025-53DE372196F3}"
EndProject
Project("{E53339B2-1760-4266-BCC7-CA923CBCF16C}") = "docker-compose", "docker-compose.dcproj", "{E9B2A6F0-9D31-42F6-89A9-546602350129}"
EndProject
Project("{2150E333-8FDC-42A3-9474-1A3956D46DE8}") = "Solution Items", "Solution Items", "{DA892FA9-C601-4426-983B-B25EEA51699C}"
	ProjectSection(SolutionItems) = preProject
		.env = .env
	EndProjectSection
EndProject
Global
	GlobalSection(SolutionConfigurationPlatforms) = preSolution
		Debug|Any CPU = Debug|Any CPU
		Release|Any CPU = Release|Any CPU
	EndGlobalSection
	GlobalSection(ProjectConfigurationPlatforms) = postSolution
		{97B87D5F-A00B-44C1-940D-B6B62D7EC447}.Debug|Any CPU.ActiveCfg = Debug|Any CPU
		{97B87D5F-A00B-44C1-940D-B6B62D7EC447}.Debug|Any CPU.Build.0 = Debug|Any CPU
		{97B87D5F-A00B-44C1-940D-B6B62D7EC447}.Release|Any CPU.ActiveCfg = Release|Any CPU
		{97B87D5F-A00B-44C1-940D-B6B62D7EC447}.Release|Any CPU.Build.0 = Release|Any CPU
		{1853F77F-26C1-4EA7-9375-9428402EE234}.Debug|Any CPU.ActiveCfg = Debug|Any CPU
		{1853F77F-26C1-4EA7-9375-9428402EE234}.Debug|Any CPU.Build.0 = Debug|Any CPU
		{1853F77F-26C1-4EA7-9375-9428402EE234}.Release|Any CPU.ActiveCfg = Release|Any CPU
		{1853F77F-26C1-4EA7-9375-9428402EE234}.Release|Any CPU.Build.0 = Release|Any CPU
		{777F8DC0-C111-4BF9-A20D-414887CF4535}.Debug|Any CPU.ActiveCfg = Debug|Any CPU
		{777F8DC0-C111-4BF9-A20D-414887CF4535}.Debug|Any CPU.Build.0 = Debug|Any CPU
		{777F8DC0-C111-4BF9-A20D-414887CF4535}.Release|Any CPU.ActiveCfg = Release|Any CPU
		{777F8DC0-C111-4BF9-A20D-414887CF4535}.Release|Any CPU.Build.0 = Release|Any CPU
		{D4FFEE23-943C-41A1-8DDF-2F8AAEA57B2A}.Debug|Any CPU.ActiveCfg = Debug|Any CPU
		{D4FFEE23-943C-41A1-8DDF-2F8AAEA57B2A}.Debug|Any CPU.Build.0 = Debug|Any CPU
		{D4FFEE23-943C-41A1-8DDF-2F8AAEA57B2A}.Release|Any CPU.ActiveCfg = Release|Any CPU
		{D4FFEE23-943C-41A1-8DDF-2F8AAEA57B2A}.Release|Any CPU.Build.0 = Release|Any CPU
		{DAEE2D99-39BE-4D03-89AA-BF8133351CA0}.Debug|Any CPU.ActiveCfg = Debug|Any CPU
		{DAEE2D99-39BE-4D03-89AA-BF8133351CA0}.Debug|Any CPU.Build.0 = Debug|Any CPU
		{DAEE2D99-39BE-4D03-89AA-BF8133351CA0}.Release|Any CPU.ActiveCfg = Release|Any CPU
		{DAEE2D99-39BE-4D03-89AA-BF8133351CA0}.Release|Any CPU.Build.0 = Release|Any CPU
		{F457B211-8412-4CAB-AA9B-B0EDA7D463D1}.Debug|Any CPU.ActiveCfg = Debug|Any CPU
		{F457B211-8412-4CAB-AA9B-B0EDA7D463D1}.Debug|Any CPU.Build.0 = Debug|Any CPU
		{F457B211-8412-4CAB-AA9B-B0EDA7D463D1}.Release|Any CPU.ActiveCfg = Release|Any CPU
		{F457B211-8412-4CAB-AA9B-B0EDA7D463D1}.Release|Any CPU.Build.0 = Release|Any CPU
		{9B0EF294-9F87-4A06-8A94-2469F60D14B8}.Debug|Any CPU.ActiveCfg = Debug|Any CPU
		{9B0EF294-9F87-4A06-8A94-2469F60D14B8}.Debug|Any CPU.Build.0 = Debug|Any CPU
		{9B0EF294-9F87-4A06-8A94-2469F60D14B8}.Release|Any CPU.ActiveCfg = Release|Any CPU
		{9B0EF294-9F87-4A06-8A94-2469F60D14B8}.Release|Any CPU.Build.0 = Release|Any CPU
		{54AAED45-71D3-44F4-80C0-72F9A19FD3AA}.Debug|Any CPU.ActiveCfg = Debug|Any CPU
		{54AAED45-71D3-44F4-80C0-72F9A19FD3AA}.Debug|Any CPU.Build.0 = Debug|Any CPU
		{54AAED45-71D3-44F4-80C0-72F9A19FD3AA}.Release|Any CPU.ActiveCfg = Release|Any CPU
		{54AAED45-71D3-44F4-80C0-72F9A19FD3AA}.Release|Any CPU.Build.0 = Release|Any CPU
		{C7FA430A-AC85-470A-8025-53DE372196F3}.Debug|Any CPU.ActiveCfg = Debug|Any CPU
		{C7FA430A-AC85-470A-8025-53DE372196F3}.Debug|Any CPU.Build.0 = Debug|Any CPU
		{C7FA430A-AC85-470A-8025-53DE372196F3}.Release|Any CPU.ActiveCfg = Release|Any CPU
		{C7FA430A-AC85-470A-8025-53DE372196F3}.Release|Any CPU.Build.0 = Release|Any CPU
		{E9B2A6F0-9D31-42F6-89A9-546602350129}.Debug|Any CPU.ActiveCfg = Debug|Any CPU
		{E9B2A6F0-9D31-42F6-89A9-546602350129}.Debug|Any CPU.Build.0 = Debug|Any CPU
		{E9B2A6F0-9D31-42F6-89A9-546602350129}.Release|Any CPU.ActiveCfg = Release|Any CPU
		{E9B2A6F0-9D31-42F6-89A9-546602350129}.Release|Any CPU.Build.0 = Release|Any CPU
	EndGlobalSection
	GlobalSection(SolutionProperties) = preSolution
		HideSolutionNode = FALSE
	EndGlobalSection
	GlobalSection(NestedProjects) = preSolution
		{2DC44AB7-0293-4716-94A2-08AB73845E42} = {6397EED4-FDE3-446F-9E84-8784269D9A61}
		{FA1CF9C6-CEBC-46E7-9600-19EEF0B2A5A5} = {6397EED4-FDE3-446F-9E84-8784269D9A61}
		{70790C14-65DB-474C-845A-FEC9E054C392} = {6397EED4-FDE3-446F-9E84-8784269D9A61}
		{97B87D5F-A00B-44C1-940D-B6B62D7EC447} = {2DC44AB7-0293-4716-94A2-08AB73845E42}
		{1853F77F-26C1-4EA7-9375-9428402EE234} = {2DC44AB7-0293-4716-94A2-08AB73845E42}
		{777F8DC0-C111-4BF9-A20D-414887CF4535} = {2DC44AB7-0293-4716-94A2-08AB73845E42}
		{D4FFEE23-943C-41A1-8DDF-2F8AAEA57B2A} = {FA1CF9C6-CEBC-46E7-9600-19EEF0B2A5A5}
		{DAEE2D99-39BE-4D03-89AA-BF8133351CA0} = {FA1CF9C6-CEBC-46E7-9600-19EEF0B2A5A5}
		{F457B211-8412-4CAB-AA9B-B0EDA7D463D1} = {FA1CF9C6-CEBC-46E7-9600-19EEF0B2A5A5}
		{9B0EF294-9F87-4A06-8A94-2469F60D14B8} = {70790C14-65DB-474C-845A-FEC9E054C392}
		{54AAED45-71D3-44F4-80C0-72F9A19FD3AA} = {70790C14-65DB-474C-845A-FEC9E054C392}
		{C7FA430A-AC85-470A-8025-53DE372196F3} = {70790C14-65DB-474C-845A-FEC9E054C392}
	EndGlobalSection
	GlobalSection(ExtensibilityGlobals) = postSolution
		SolutionGuid = {C20FF921-117E-46E1-876B-445D5730036E}
	EndGlobalSection
EndGlobal
