
Microsoft Visual Studio Solution File, Format Version 12.00
# Visual Studio 15
VisualStudioVersion = 15.0.27130.2027
MinimumVisualStudioVersion = 10.0.40219.1
Project("{2150E333-8FDC-42A3-9474-1A3956D46DE8}") = "PricingService", "PricingService", "{2DC44AB7-0293-4716-94A2-08AB73845E42}"
EndProject
Project("{2150E333-8FDC-42A3-9474-1A3956D46DE8}") = "PolicyService", "PolicyService", "{FA1CF9C6-CEBC-46E7-9600-19EEF0B2A5A5}"
EndProject
Project("{2150E333-8FDC-42A3-9474-1A3956D46DE8}") = "PaymentService", "PaymentService", "{70790C14-65DB-474C-845A-FEC9E054C392}"
EndProject
Project("{2150E333-8FDC-42A3-9474-1A3956D46DE8}") = "UI", "UI", "{C327388E-BB5F-4D6D-BC14-79CAFCF746C6}"
EndProject
Project("{2150E333-8FDC-42A3-9474-1A3956D46DE8}") = "Services", "Services", "{6397EED4-FDE3-446F-9E84-8784269D9A61}"
EndProject
Project("{9A19103F-16F7-4668-BE54-9A1E7A4F7556}") = "PricingService.Api", "PricingService.Api\PricingService.Api.csproj", "{97B87D5F-A00B-44C1-940D-B6B62D7EC447}"
EndProject
Project("{9A19103F-16F7-4668-BE54-9A1E7A4F7556}") = "PricingService.Web", "PricingService.Web\PricingService.Web.csproj", "{1853F77F-26C1-4EA7-9375-9428402EE234}"
EndProject
Project("{9A19103F-16F7-4668-BE54-9A1E7A4F7556}") = "PricingService.Bo", "PricingService.Bo\PricingService.Bo.csproj", "{777F8DC0-C111-4BF9-A20D-414887CF4535}"
EndProject
Project("{9A19103F-16F7-4668-BE54-9A1E7A4F7556}") = "PolicyService.Api", "PolicyService.Api\PolicyService.Api.csproj", "{D4FFEE23-943C-41A1-8DDF-2F8AAEA57B2A}"
EndProject
Project("{9A19103F-16F7-4668-BE54-9A1E7A4F7556}") = "PolicyService.Bo", "PolicyService.Bo\PolicyService.Bo.csproj", "{DAEE2D99-39BE-4D03-89AA-BF8133351CA0}"
EndProject
Project("{9A19103F-16F7-4668-BE54-9A1E7A4F7556}") = "PolicyService.Web", "PolicyService.Web\PolicyService.Web.csproj", "{F457B211-8412-4CAB-AA9B-B0EDA7D463D1}"
EndProject
Project("{9A19103F-16F7-4668-BE54-9A1E7A4F7556}") = "PaymentService.Api", "PaymentService.Api\PaymentService.Api.csproj", "{9B0EF294-9F87-4A06-8A94-2469F60D14B8}"
EndProject
Project("{9A19103F-16F7-4668-BE54-9A1E7A4F7556}") = "PaymentService.Bo", "PaymentService.Bo\PaymentService.Bo.csproj", "{54AAED45-71D3-44F4-80C0-72F9A19FD3AA}"
EndProject
Project("{9A19103F-16F7-4668-BE54-9A1E7A4F7556}") = "PaymentService.Web", "PaymentService.Web\PaymentService.Web.csproj", "{C7FA430A-AC85-470A-8025-53DE372196F3}"
EndProject
Project("{E53339B2-1760-4266-BCC7-CA923CBCF16C}") = "docker-compose", "docker-compose.dcproj", "{E9B2A6F0-9D31-42F6-89A9-546602350129}"
EndProject
Project("{2150E333-8FDC-42A3-9474-1A3956D46DE8}") = "Solution Items", "Solution Items", "{DA892FA9-C601-4426-983B-B25EEA51699C}"
	ProjectSection(SolutionItems) = preProject
		.env = .env
	EndProjectSection
EndProject
Project("{2150E333-8FDC-42A3-9474-1A3956D46DE8}") = "Tests", "Tests", "{54E74E31-2693-4B0F-8BEF-FFA5C8A56EAF}"
EndProject
Project("{2150E333-8FDC-42A3-9474-1A3956D46DE8}") = "WebApiTests", "WebApiTests", "{E702A507-0324-4AF6-A205-76CFE71EF68B}"
EndProject
Project("{9A19103F-16F7-4668-BE54-9A1E7A4F7556}") = "PolicyService.WebApi.Tests", "PolicyService.WebApi.Tests\PolicyService.WebApi.Tests.csproj", "{4440CB52-A770-4DDC-82E2-426C98CD6AAA}"
EndProject
Project("{2150E333-8FDC-42A3-9474-1A3956D46DE8}") = "Mobile", "Mobile", "{CF5CB335-4388-423D-B740-801999D7B706}"
EndProject
Project("{FAE04EC0-301F-11D3-BF4B-00C04F79EFBC}") = "ISSAndroid", "UI\Mobile\ISSAndroid\ISSAndroid.csproj", "{55C0E698-9719-49C4-8150-95926F64BD39}"
EndProject
Project("{FAE04EC0-301F-11D3-BF4B-00C04F79EFBC}") = "ISSMobile.Android", "UI\Mobile\ISSMobile\ISSMobile.Android\ISSMobile.Android.csproj", "{EE443FF2-6359-4EE2-AFA4-E5D1B172688A}"
EndProject
Project("{FAE04EC0-301F-11D3-BF4B-00C04F79EFBC}") = "ISSMobile.iOS", "UI\Mobile\ISSMobile\ISSMobile.iOS\ISSMobile.iOS.csproj", "{20911EFF-1311-4055-8C63-8B304FAFE81E}"
EndProject
Project("{D954291E-2A0B-460D-934E-DC6B0785DB48}") = "ISSMobile", "UI\Mobile\ISSMobile\ISSMobile\ISSMobile.shproj", "{0E0CA154-F0B2-447E-98B7-BF18DB5E3BCA}"
EndProject
Global
	GlobalSection(SharedMSBuildProjectFiles) = preSolution
		UI\Mobile\ISSMobile\ISSMobile\ISSMobile.projitems*{0e0ca154-f0b2-447e-98b7-bf18db5e3bca}*SharedItemsImports = 13
		UI\Mobile\ISSMobile\ISSMobile\ISSMobile.projitems*{20911eff-1311-4055-8c63-8b304fafe81e}*SharedItemsImports = 4
		UI\Mobile\ISSMobile\ISSMobile\ISSMobile.projitems*{ee443ff2-6359-4ee2-afa4-e5d1b172688a}*SharedItemsImports = 4
	EndGlobalSection
	GlobalSection(SolutionConfigurationPlatforms) = preSolution
		Ad-Hoc|Any CPU = Ad-Hoc|Any CPU
		Ad-Hoc|iPhone = Ad-Hoc|iPhone
		Ad-Hoc|iPhoneSimulator = Ad-Hoc|iPhoneSimulator
		AppStore|Any CPU = AppStore|Any CPU
		AppStore|iPhone = AppStore|iPhone
		AppStore|iPhoneSimulator = AppStore|iPhoneSimulator
		Debug|Any CPU = Debug|Any CPU
		Debug|iPhone = Debug|iPhone
		Debug|iPhoneSimulator = Debug|iPhoneSimulator
		Release|Any CPU = Release|Any CPU
		Release|iPhone = Release|iPhone
		Release|iPhoneSimulator = Release|iPhoneSimulator
	EndGlobalSection
	GlobalSection(ProjectConfigurationPlatforms) = postSolution
		{97B87D5F-A00B-44C1-940D-B6B62D7EC447}.Ad-Hoc|Any CPU.ActiveCfg = Release|Any CPU
		{97B87D5F-A00B-44C1-940D-B6B62D7EC447}.Ad-Hoc|Any CPU.Build.0 = Release|Any CPU
		{97B87D5F-A00B-44C1-940D-B6B62D7EC447}.Ad-Hoc|iPhone.ActiveCfg = Release|Any CPU
		{97B87D5F-A00B-44C1-940D-B6B62D7EC447}.Ad-Hoc|iPhone.Build.0 = Release|Any CPU
		{97B87D5F-A00B-44C1-940D-B6B62D7EC447}.Ad-Hoc|iPhoneSimulator.ActiveCfg = Release|Any CPU
		{97B87D5F-A00B-44C1-940D-B6B62D7EC447}.Ad-Hoc|iPhoneSimulator.Build.0 = Release|Any CPU
		{97B87D5F-A00B-44C1-940D-B6B62D7EC447}.AppStore|Any CPU.ActiveCfg = Release|Any CPU
		{97B87D5F-A00B-44C1-940D-B6B62D7EC447}.AppStore|Any CPU.Build.0 = Release|Any CPU
		{97B87D5F-A00B-44C1-940D-B6B62D7EC447}.AppStore|iPhone.ActiveCfg = Release|Any CPU
		{97B87D5F-A00B-44C1-940D-B6B62D7EC447}.AppStore|iPhone.Build.0 = Release|Any CPU
		{97B87D5F-A00B-44C1-940D-B6B62D7EC447}.AppStore|iPhoneSimulator.ActiveCfg = Release|Any CPU
		{97B87D5F-A00B-44C1-940D-B6B62D7EC447}.AppStore|iPhoneSimulator.Build.0 = Release|Any CPU
		{97B87D5F-A00B-44C1-940D-B6B62D7EC447}.Debug|Any CPU.ActiveCfg = Debug|Any CPU
		{97B87D5F-A00B-44C1-940D-B6B62D7EC447}.Debug|Any CPU.Build.0 = Debug|Any CPU
		{97B87D5F-A00B-44C1-940D-B6B62D7EC447}.Debug|iPhone.ActiveCfg = Debug|Any CPU
		{97B87D5F-A00B-44C1-940D-B6B62D7EC447}.Debug|iPhone.Build.0 = Debug|Any CPU
		{97B87D5F-A00B-44C1-940D-B6B62D7EC447}.Debug|iPhoneSimulator.ActiveCfg = Debug|Any CPU
		{97B87D5F-A00B-44C1-940D-B6B62D7EC447}.Debug|iPhoneSimulator.Build.0 = Debug|Any CPU
		{97B87D5F-A00B-44C1-940D-B6B62D7EC447}.Release|Any CPU.ActiveCfg = Release|Any CPU
		{97B87D5F-A00B-44C1-940D-B6B62D7EC447}.Release|Any CPU.Build.0 = Release|Any CPU
		{97B87D5F-A00B-44C1-940D-B6B62D7EC447}.Release|iPhone.ActiveCfg = Release|Any CPU
		{97B87D5F-A00B-44C1-940D-B6B62D7EC447}.Release|iPhone.Build.0 = Release|Any CPU
		{97B87D5F-A00B-44C1-940D-B6B62D7EC447}.Release|iPhoneSimulator.ActiveCfg = Release|Any CPU
		{97B87D5F-A00B-44C1-940D-B6B62D7EC447}.Release|iPhoneSimulator.Build.0 = Release|Any CPU
		{1853F77F-26C1-4EA7-9375-9428402EE234}.Ad-Hoc|Any CPU.ActiveCfg = Release|Any CPU
		{1853F77F-26C1-4EA7-9375-9428402EE234}.Ad-Hoc|Any CPU.Build.0 = Release|Any CPU
		{1853F77F-26C1-4EA7-9375-9428402EE234}.Ad-Hoc|iPhone.ActiveCfg = Release|Any CPU
		{1853F77F-26C1-4EA7-9375-9428402EE234}.Ad-Hoc|iPhone.Build.0 = Release|Any CPU
		{1853F77F-26C1-4EA7-9375-9428402EE234}.Ad-Hoc|iPhoneSimulator.ActiveCfg = Release|Any CPU
		{1853F77F-26C1-4EA7-9375-9428402EE234}.Ad-Hoc|iPhoneSimulator.Build.0 = Release|Any CPU
		{1853F77F-26C1-4EA7-9375-9428402EE234}.AppStore|Any CPU.ActiveCfg = Release|Any CPU
		{1853F77F-26C1-4EA7-9375-9428402EE234}.AppStore|Any CPU.Build.0 = Release|Any CPU
		{1853F77F-26C1-4EA7-9375-9428402EE234}.AppStore|iPhone.ActiveCfg = Release|Any CPU
		{1853F77F-26C1-4EA7-9375-9428402EE234}.AppStore|iPhone.Build.0 = Release|Any CPU
		{1853F77F-26C1-4EA7-9375-9428402EE234}.AppStore|iPhoneSimulator.ActiveCfg = Release|Any CPU
		{1853F77F-26C1-4EA7-9375-9428402EE234}.AppStore|iPhoneSimulator.Build.0 = Release|Any CPU
		{1853F77F-26C1-4EA7-9375-9428402EE234}.Debug|Any CPU.ActiveCfg = Debug|Any CPU
		{1853F77F-26C1-4EA7-9375-9428402EE234}.Debug|Any CPU.Build.0 = Debug|Any CPU
		{1853F77F-26C1-4EA7-9375-9428402EE234}.Debug|iPhone.ActiveCfg = Debug|Any CPU
		{1853F77F-26C1-4EA7-9375-9428402EE234}.Debug|iPhone.Build.0 = Debug|Any CPU
		{1853F77F-26C1-4EA7-9375-9428402EE234}.Debug|iPhoneSimulator.ActiveCfg = Debug|Any CPU
		{1853F77F-26C1-4EA7-9375-9428402EE234}.Debug|iPhoneSimulator.Build.0 = Debug|Any CPU
		{1853F77F-26C1-4EA7-9375-9428402EE234}.Release|Any CPU.ActiveCfg = Release|Any CPU
		{1853F77F-26C1-4EA7-9375-9428402EE234}.Release|Any CPU.Build.0 = Release|Any CPU
		{1853F77F-26C1-4EA7-9375-9428402EE234}.Release|iPhone.ActiveCfg = Release|Any CPU
		{1853F77F-26C1-4EA7-9375-9428402EE234}.Release|iPhone.Build.0 = Release|Any CPU
		{1853F77F-26C1-4EA7-9375-9428402EE234}.Release|iPhoneSimulator.ActiveCfg = Release|Any CPU
		{1853F77F-26C1-4EA7-9375-9428402EE234}.Release|iPhoneSimulator.Build.0 = Release|Any CPU
		{777F8DC0-C111-4BF9-A20D-414887CF4535}.Ad-Hoc|Any CPU.ActiveCfg = Release|Any CPU
		{777F8DC0-C111-4BF9-A20D-414887CF4535}.Ad-Hoc|Any CPU.Build.0 = Release|Any CPU
		{777F8DC0-C111-4BF9-A20D-414887CF4535}.Ad-Hoc|iPhone.ActiveCfg = Release|Any CPU
		{777F8DC0-C111-4BF9-A20D-414887CF4535}.Ad-Hoc|iPhone.Build.0 = Release|Any CPU
		{777F8DC0-C111-4BF9-A20D-414887CF4535}.Ad-Hoc|iPhoneSimulator.ActiveCfg = Release|Any CPU
		{777F8DC0-C111-4BF9-A20D-414887CF4535}.Ad-Hoc|iPhoneSimulator.Build.0 = Release|Any CPU
		{777F8DC0-C111-4BF9-A20D-414887CF4535}.AppStore|Any CPU.ActiveCfg = Release|Any CPU
		{777F8DC0-C111-4BF9-A20D-414887CF4535}.AppStore|Any CPU.Build.0 = Release|Any CPU
		{777F8DC0-C111-4BF9-A20D-414887CF4535}.AppStore|iPhone.ActiveCfg = Release|Any CPU
		{777F8DC0-C111-4BF9-A20D-414887CF4535}.AppStore|iPhone.Build.0 = Release|Any CPU
		{777F8DC0-C111-4BF9-A20D-414887CF4535}.AppStore|iPhoneSimulator.ActiveCfg = Release|Any CPU
		{777F8DC0-C111-4BF9-A20D-414887CF4535}.AppStore|iPhoneSimulator.Build.0 = Release|Any CPU
		{777F8DC0-C111-4BF9-A20D-414887CF4535}.Debug|Any CPU.ActiveCfg = Debug|Any CPU
		{777F8DC0-C111-4BF9-A20D-414887CF4535}.Debug|Any CPU.Build.0 = Debug|Any CPU
		{777F8DC0-C111-4BF9-A20D-414887CF4535}.Debug|iPhone.ActiveCfg = Debug|Any CPU
		{777F8DC0-C111-4BF9-A20D-414887CF4535}.Debug|iPhone.Build.0 = Debug|Any CPU
		{777F8DC0-C111-4BF9-A20D-414887CF4535}.Debug|iPhoneSimulator.ActiveCfg = Debug|Any CPU
		{777F8DC0-C111-4BF9-A20D-414887CF4535}.Debug|iPhoneSimulator.Build.0 = Debug|Any CPU
		{777F8DC0-C111-4BF9-A20D-414887CF4535}.Release|Any CPU.ActiveCfg = Release|Any CPU
		{777F8DC0-C111-4BF9-A20D-414887CF4535}.Release|Any CPU.Build.0 = Release|Any CPU
		{777F8DC0-C111-4BF9-A20D-414887CF4535}.Release|iPhone.ActiveCfg = Release|Any CPU
		{777F8DC0-C111-4BF9-A20D-414887CF4535}.Release|iPhone.Build.0 = Release|Any CPU
		{777F8DC0-C111-4BF9-A20D-414887CF4535}.Release|iPhoneSimulator.ActiveCfg = Release|Any CPU
		{777F8DC0-C111-4BF9-A20D-414887CF4535}.Release|iPhoneSimulator.Build.0 = Release|Any CPU
		{D4FFEE23-943C-41A1-8DDF-2F8AAEA57B2A}.Ad-Hoc|Any CPU.ActiveCfg = Release|Any CPU
		{D4FFEE23-943C-41A1-8DDF-2F8AAEA57B2A}.Ad-Hoc|Any CPU.Build.0 = Release|Any CPU
		{D4FFEE23-943C-41A1-8DDF-2F8AAEA57B2A}.Ad-Hoc|iPhone.ActiveCfg = Release|Any CPU
		{D4FFEE23-943C-41A1-8DDF-2F8AAEA57B2A}.Ad-Hoc|iPhone.Build.0 = Release|Any CPU
		{D4FFEE23-943C-41A1-8DDF-2F8AAEA57B2A}.Ad-Hoc|iPhoneSimulator.ActiveCfg = Release|Any CPU
		{D4FFEE23-943C-41A1-8DDF-2F8AAEA57B2A}.Ad-Hoc|iPhoneSimulator.Build.0 = Release|Any CPU
		{D4FFEE23-943C-41A1-8DDF-2F8AAEA57B2A}.AppStore|Any CPU.ActiveCfg = Release|Any CPU
		{D4FFEE23-943C-41A1-8DDF-2F8AAEA57B2A}.AppStore|Any CPU.Build.0 = Release|Any CPU
		{D4FFEE23-943C-41A1-8DDF-2F8AAEA57B2A}.AppStore|iPhone.ActiveCfg = Release|Any CPU
		{D4FFEE23-943C-41A1-8DDF-2F8AAEA57B2A}.AppStore|iPhone.Build.0 = Release|Any CPU
		{D4FFEE23-943C-41A1-8DDF-2F8AAEA57B2A}.AppStore|iPhoneSimulator.ActiveCfg = Release|Any CPU
		{D4FFEE23-943C-41A1-8DDF-2F8AAEA57B2A}.AppStore|iPhoneSimulator.Build.0 = Release|Any CPU
		{D4FFEE23-943C-41A1-8DDF-2F8AAEA57B2A}.Debug|Any CPU.ActiveCfg = Debug|Any CPU
		{D4FFEE23-943C-41A1-8DDF-2F8AAEA57B2A}.Debug|Any CPU.Build.0 = Debug|Any CPU
		{D4FFEE23-943C-41A1-8DDF-2F8AAEA57B2A}.Debug|iPhone.ActiveCfg = Debug|Any CPU
		{D4FFEE23-943C-41A1-8DDF-2F8AAEA57B2A}.Debug|iPhone.Build.0 = Debug|Any CPU
		{D4FFEE23-943C-41A1-8DDF-2F8AAEA57B2A}.Debug|iPhoneSimulator.ActiveCfg = Debug|Any CPU
		{D4FFEE23-943C-41A1-8DDF-2F8AAEA57B2A}.Debug|iPhoneSimulator.Build.0 = Debug|Any CPU
		{D4FFEE23-943C-41A1-8DDF-2F8AAEA57B2A}.Release|Any CPU.ActiveCfg = Release|Any CPU
		{D4FFEE23-943C-41A1-8DDF-2F8AAEA57B2A}.Release|Any CPU.Build.0 = Release|Any CPU
		{D4FFEE23-943C-41A1-8DDF-2F8AAEA57B2A}.Release|iPhone.ActiveCfg = Release|Any CPU
		{D4FFEE23-943C-41A1-8DDF-2F8AAEA57B2A}.Release|iPhone.Build.0 = Release|Any CPU
		{D4FFEE23-943C-41A1-8DDF-2F8AAEA57B2A}.Release|iPhoneSimulator.ActiveCfg = Release|Any CPU
		{D4FFEE23-943C-41A1-8DDF-2F8AAEA57B2A}.Release|iPhoneSimulator.Build.0 = Release|Any CPU
		{DAEE2D99-39BE-4D03-89AA-BF8133351CA0}.Ad-Hoc|Any CPU.ActiveCfg = Release|Any CPU
		{DAEE2D99-39BE-4D03-89AA-BF8133351CA0}.Ad-Hoc|Any CPU.Build.0 = Release|Any CPU
		{DAEE2D99-39BE-4D03-89AA-BF8133351CA0}.Ad-Hoc|iPhone.ActiveCfg = Release|Any CPU
		{DAEE2D99-39BE-4D03-89AA-BF8133351CA0}.Ad-Hoc|iPhone.Build.0 = Release|Any CPU
		{DAEE2D99-39BE-4D03-89AA-BF8133351CA0}.Ad-Hoc|iPhoneSimulator.ActiveCfg = Release|Any CPU
		{DAEE2D99-39BE-4D03-89AA-BF8133351CA0}.Ad-Hoc|iPhoneSimulator.Build.0 = Release|Any CPU
		{DAEE2D99-39BE-4D03-89AA-BF8133351CA0}.AppStore|Any CPU.ActiveCfg = Release|Any CPU
		{DAEE2D99-39BE-4D03-89AA-BF8133351CA0}.AppStore|Any CPU.Build.0 = Release|Any CPU
		{DAEE2D99-39BE-4D03-89AA-BF8133351CA0}.AppStore|iPhone.ActiveCfg = Release|Any CPU
		{DAEE2D99-39BE-4D03-89AA-BF8133351CA0}.AppStore|iPhone.Build.0 = Release|Any CPU
		{DAEE2D99-39BE-4D03-89AA-BF8133351CA0}.AppStore|iPhoneSimulator.ActiveCfg = Release|Any CPU
		{DAEE2D99-39BE-4D03-89AA-BF8133351CA0}.AppStore|iPhoneSimulator.Build.0 = Release|Any CPU
		{DAEE2D99-39BE-4D03-89AA-BF8133351CA0}.Debug|Any CPU.ActiveCfg = Debug|Any CPU
		{DAEE2D99-39BE-4D03-89AA-BF8133351CA0}.Debug|Any CPU.Build.0 = Debug|Any CPU
		{DAEE2D99-39BE-4D03-89AA-BF8133351CA0}.Debug|iPhone.ActiveCfg = Debug|Any CPU
		{DAEE2D99-39BE-4D03-89AA-BF8133351CA0}.Debug|iPhone.Build.0 = Debug|Any CPU
		{DAEE2D99-39BE-4D03-89AA-BF8133351CA0}.Debug|iPhoneSimulator.ActiveCfg = Debug|Any CPU
		{DAEE2D99-39BE-4D03-89AA-BF8133351CA0}.Debug|iPhoneSimulator.Build.0 = Debug|Any CPU
		{DAEE2D99-39BE-4D03-89AA-BF8133351CA0}.Release|Any CPU.ActiveCfg = Release|Any CPU
		{DAEE2D99-39BE-4D03-89AA-BF8133351CA0}.Release|Any CPU.Build.0 = Release|Any CPU
		{DAEE2D99-39BE-4D03-89AA-BF8133351CA0}.Release|iPhone.ActiveCfg = Release|Any CPU
		{DAEE2D99-39BE-4D03-89AA-BF8133351CA0}.Release|iPhone.Build.0 = Release|Any CPU
		{DAEE2D99-39BE-4D03-89AA-BF8133351CA0}.Release|iPhoneSimulator.ActiveCfg = Release|Any CPU
		{DAEE2D99-39BE-4D03-89AA-BF8133351CA0}.Release|iPhoneSimulator.Build.0 = Release|Any CPU
		{F457B211-8412-4CAB-AA9B-B0EDA7D463D1}.Ad-Hoc|Any CPU.ActiveCfg = Release|Any CPU
		{F457B211-8412-4CAB-AA9B-B0EDA7D463D1}.Ad-Hoc|Any CPU.Build.0 = Release|Any CPU
		{F457B211-8412-4CAB-AA9B-B0EDA7D463D1}.Ad-Hoc|iPhone.ActiveCfg = Release|Any CPU
		{F457B211-8412-4CAB-AA9B-B0EDA7D463D1}.Ad-Hoc|iPhone.Build.0 = Release|Any CPU
		{F457B211-8412-4CAB-AA9B-B0EDA7D463D1}.Ad-Hoc|iPhoneSimulator.ActiveCfg = Release|Any CPU
		{F457B211-8412-4CAB-AA9B-B0EDA7D463D1}.Ad-Hoc|iPhoneSimulator.Build.0 = Release|Any CPU
		{F457B211-8412-4CAB-AA9B-B0EDA7D463D1}.AppStore|Any CPU.ActiveCfg = Release|Any CPU
		{F457B211-8412-4CAB-AA9B-B0EDA7D463D1}.AppStore|Any CPU.Build.0 = Release|Any CPU
		{F457B211-8412-4CAB-AA9B-B0EDA7D463D1}.AppStore|iPhone.ActiveCfg = Release|Any CPU
		{F457B211-8412-4CAB-AA9B-B0EDA7D463D1}.AppStore|iPhone.Build.0 = Release|Any CPU
		{F457B211-8412-4CAB-AA9B-B0EDA7D463D1}.AppStore|iPhoneSimulator.ActiveCfg = Release|Any CPU
		{F457B211-8412-4CAB-AA9B-B0EDA7D463D1}.AppStore|iPhoneSimulator.Build.0 = Release|Any CPU
		{F457B211-8412-4CAB-AA9B-B0EDA7D463D1}.Debug|Any CPU.ActiveCfg = Debug|Any CPU
		{F457B211-8412-4CAB-AA9B-B0EDA7D463D1}.Debug|Any CPU.Build.0 = Debug|Any CPU
		{F457B211-8412-4CAB-AA9B-B0EDA7D463D1}.Debug|iPhone.ActiveCfg = Debug|Any CPU
		{F457B211-8412-4CAB-AA9B-B0EDA7D463D1}.Debug|iPhone.Build.0 = Debug|Any CPU
		{F457B211-8412-4CAB-AA9B-B0EDA7D463D1}.Debug|iPhoneSimulator.ActiveCfg = Debug|Any CPU
		{F457B211-8412-4CAB-AA9B-B0EDA7D463D1}.Debug|iPhoneSimulator.Build.0 = Debug|Any CPU
		{F457B211-8412-4CAB-AA9B-B0EDA7D463D1}.Release|Any CPU.ActiveCfg = Release|Any CPU
		{F457B211-8412-4CAB-AA9B-B0EDA7D463D1}.Release|Any CPU.Build.0 = Release|Any CPU
		{F457B211-8412-4CAB-AA9B-B0EDA7D463D1}.Release|iPhone.ActiveCfg = Release|Any CPU
		{F457B211-8412-4CAB-AA9B-B0EDA7D463D1}.Release|iPhone.Build.0 = Release|Any CPU
		{F457B211-8412-4CAB-AA9B-B0EDA7D463D1}.Release|iPhoneSimulator.ActiveCfg = Release|Any CPU
		{F457B211-8412-4CAB-AA9B-B0EDA7D463D1}.Release|iPhoneSimulator.Build.0 = Release|Any CPU
		{9B0EF294-9F87-4A06-8A94-2469F60D14B8}.Ad-Hoc|Any CPU.ActiveCfg = Release|Any CPU
		{9B0EF294-9F87-4A06-8A94-2469F60D14B8}.Ad-Hoc|Any CPU.Build.0 = Release|Any CPU
		{9B0EF294-9F87-4A06-8A94-2469F60D14B8}.Ad-Hoc|iPhone.ActiveCfg = Release|Any CPU
		{9B0EF294-9F87-4A06-8A94-2469F60D14B8}.Ad-Hoc|iPhone.Build.0 = Release|Any CPU
		{9B0EF294-9F87-4A06-8A94-2469F60D14B8}.Ad-Hoc|iPhoneSimulator.ActiveCfg = Release|Any CPU
		{9B0EF294-9F87-4A06-8A94-2469F60D14B8}.Ad-Hoc|iPhoneSimulator.Build.0 = Release|Any CPU
		{9B0EF294-9F87-4A06-8A94-2469F60D14B8}.AppStore|Any CPU.ActiveCfg = Release|Any CPU
		{9B0EF294-9F87-4A06-8A94-2469F60D14B8}.AppStore|Any CPU.Build.0 = Release|Any CPU
		{9B0EF294-9F87-4A06-8A94-2469F60D14B8}.AppStore|iPhone.ActiveCfg = Release|Any CPU
		{9B0EF294-9F87-4A06-8A94-2469F60D14B8}.AppStore|iPhone.Build.0 = Release|Any CPU
		{9B0EF294-9F87-4A06-8A94-2469F60D14B8}.AppStore|iPhoneSimulator.ActiveCfg = Release|Any CPU
		{9B0EF294-9F87-4A06-8A94-2469F60D14B8}.AppStore|iPhoneSimulator.Build.0 = Release|Any CPU
		{9B0EF294-9F87-4A06-8A94-2469F60D14B8}.Debug|Any CPU.ActiveCfg = Debug|Any CPU
		{9B0EF294-9F87-4A06-8A94-2469F60D14B8}.Debug|Any CPU.Build.0 = Debug|Any CPU
		{9B0EF294-9F87-4A06-8A94-2469F60D14B8}.Debug|iPhone.ActiveCfg = Debug|Any CPU
		{9B0EF294-9F87-4A06-8A94-2469F60D14B8}.Debug|iPhone.Build.0 = Debug|Any CPU
		{9B0EF294-9F87-4A06-8A94-2469F60D14B8}.Debug|iPhoneSimulator.ActiveCfg = Debug|Any CPU
		{9B0EF294-9F87-4A06-8A94-2469F60D14B8}.Debug|iPhoneSimulator.Build.0 = Debug|Any CPU
		{9B0EF294-9F87-4A06-8A94-2469F60D14B8}.Release|Any CPU.ActiveCfg = Release|Any CPU
		{9B0EF294-9F87-4A06-8A94-2469F60D14B8}.Release|Any CPU.Build.0 = Release|Any CPU
		{9B0EF294-9F87-4A06-8A94-2469F60D14B8}.Release|iPhone.ActiveCfg = Release|Any CPU
		{9B0EF294-9F87-4A06-8A94-2469F60D14B8}.Release|iPhone.Build.0 = Release|Any CPU
		{9B0EF294-9F87-4A06-8A94-2469F60D14B8}.Release|iPhoneSimulator.ActiveCfg = Release|Any CPU
		{9B0EF294-9F87-4A06-8A94-2469F60D14B8}.Release|iPhoneSimulator.Build.0 = Release|Any CPU
		{54AAED45-71D3-44F4-80C0-72F9A19FD3AA}.Ad-Hoc|Any CPU.ActiveCfg = Release|Any CPU
		{54AAED45-71D3-44F4-80C0-72F9A19FD3AA}.Ad-Hoc|Any CPU.Build.0 = Release|Any CPU
		{54AAED45-71D3-44F4-80C0-72F9A19FD3AA}.Ad-Hoc|iPhone.ActiveCfg = Release|Any CPU
		{54AAED45-71D3-44F4-80C0-72F9A19FD3AA}.Ad-Hoc|iPhone.Build.0 = Release|Any CPU
		{54AAED45-71D3-44F4-80C0-72F9A19FD3AA}.Ad-Hoc|iPhoneSimulator.ActiveCfg = Release|Any CPU
		{54AAED45-71D3-44F4-80C0-72F9A19FD3AA}.Ad-Hoc|iPhoneSimulator.Build.0 = Release|Any CPU
		{54AAED45-71D3-44F4-80C0-72F9A19FD3AA}.AppStore|Any CPU.ActiveCfg = Release|Any CPU
		{54AAED45-71D3-44F4-80C0-72F9A19FD3AA}.AppStore|Any CPU.Build.0 = Release|Any CPU
		{54AAED45-71D3-44F4-80C0-72F9A19FD3AA}.AppStore|iPhone.ActiveCfg = Release|Any CPU
		{54AAED45-71D3-44F4-80C0-72F9A19FD3AA}.AppStore|iPhone.Build.0 = Release|Any CPU
		{54AAED45-71D3-44F4-80C0-72F9A19FD3AA}.AppStore|iPhoneSimulator.ActiveCfg = Release|Any CPU
		{54AAED45-71D3-44F4-80C0-72F9A19FD3AA}.AppStore|iPhoneSimulator.Build.0 = Release|Any CPU
		{54AAED45-71D3-44F4-80C0-72F9A19FD3AA}.Debug|Any CPU.ActiveCfg = Debug|Any CPU
		{54AAED45-71D3-44F4-80C0-72F9A19FD3AA}.Debug|Any CPU.Build.0 = Debug|Any CPU
		{54AAED45-71D3-44F4-80C0-72F9A19FD3AA}.Debug|iPhone.ActiveCfg = Debug|Any CPU
		{54AAED45-71D3-44F4-80C0-72F9A19FD3AA}.Debug|iPhone.Build.0 = Debug|Any CPU
		{54AAED45-71D3-44F4-80C0-72F9A19FD3AA}.Debug|iPhoneSimulator.ActiveCfg = Debug|Any CPU
		{54AAED45-71D3-44F4-80C0-72F9A19FD3AA}.Debug|iPhoneSimulator.Build.0 = Debug|Any CPU
		{54AAED45-71D3-44F4-80C0-72F9A19FD3AA}.Release|Any CPU.ActiveCfg = Release|Any CPU
		{54AAED45-71D3-44F4-80C0-72F9A19FD3AA}.Release|Any CPU.Build.0 = Release|Any CPU
		{54AAED45-71D3-44F4-80C0-72F9A19FD3AA}.Release|iPhone.ActiveCfg = Release|Any CPU
		{54AAED45-71D3-44F4-80C0-72F9A19FD3AA}.Release|iPhone.Build.0 = Release|Any CPU
		{54AAED45-71D3-44F4-80C0-72F9A19FD3AA}.Release|iPhoneSimulator.ActiveCfg = Release|Any CPU
		{54AAED45-71D3-44F4-80C0-72F9A19FD3AA}.Release|iPhoneSimulator.Build.0 = Release|Any CPU
		{C7FA430A-AC85-470A-8025-53DE372196F3}.Ad-Hoc|Any CPU.ActiveCfg = Release|Any CPU
		{C7FA430A-AC85-470A-8025-53DE372196F3}.Ad-Hoc|Any CPU.Build.0 = Release|Any CPU
		{C7FA430A-AC85-470A-8025-53DE372196F3}.Ad-Hoc|iPhone.ActiveCfg = Release|Any CPU
		{C7FA430A-AC85-470A-8025-53DE372196F3}.Ad-Hoc|iPhone.Build.0 = Release|Any CPU
		{C7FA430A-AC85-470A-8025-53DE372196F3}.Ad-Hoc|iPhoneSimulator.ActiveCfg = Release|Any CPU
		{C7FA430A-AC85-470A-8025-53DE372196F3}.Ad-Hoc|iPhoneSimulator.Build.0 = Release|Any CPU
		{C7FA430A-AC85-470A-8025-53DE372196F3}.AppStore|Any CPU.ActiveCfg = Release|Any CPU
		{C7FA430A-AC85-470A-8025-53DE372196F3}.AppStore|Any CPU.Build.0 = Release|Any CPU
		{C7FA430A-AC85-470A-8025-53DE372196F3}.AppStore|iPhone.ActiveCfg = Release|Any CPU
		{C7FA430A-AC85-470A-8025-53DE372196F3}.AppStore|iPhone.Build.0 = Release|Any CPU
		{C7FA430A-AC85-470A-8025-53DE372196F3}.AppStore|iPhoneSimulator.ActiveCfg = Release|Any CPU
		{C7FA430A-AC85-470A-8025-53DE372196F3}.AppStore|iPhoneSimulator.Build.0 = Release|Any CPU
		{C7FA430A-AC85-470A-8025-53DE372196F3}.Debug|Any CPU.ActiveCfg = Debug|Any CPU
		{C7FA430A-AC85-470A-8025-53DE372196F3}.Debug|Any CPU.Build.0 = Debug|Any CPU
		{C7FA430A-AC85-470A-8025-53DE372196F3}.Debug|iPhone.ActiveCfg = Debug|Any CPU
		{C7FA430A-AC85-470A-8025-53DE372196F3}.Debug|iPhone.Build.0 = Debug|Any CPU
		{C7FA430A-AC85-470A-8025-53DE372196F3}.Debug|iPhoneSimulator.ActiveCfg = Debug|Any CPU
		{C7FA430A-AC85-470A-8025-53DE372196F3}.Debug|iPhoneSimulator.Build.0 = Debug|Any CPU
		{C7FA430A-AC85-470A-8025-53DE372196F3}.Release|Any CPU.ActiveCfg = Release|Any CPU
		{C7FA430A-AC85-470A-8025-53DE372196F3}.Release|Any CPU.Build.0 = Release|Any CPU
		{C7FA430A-AC85-470A-8025-53DE372196F3}.Release|iPhone.ActiveCfg = Release|Any CPU
		{C7FA430A-AC85-470A-8025-53DE372196F3}.Release|iPhone.Build.0 = Release|Any CPU
		{C7FA430A-AC85-470A-8025-53DE372196F3}.Release|iPhoneSimulator.ActiveCfg = Release|Any CPU
		{C7FA430A-AC85-470A-8025-53DE372196F3}.Release|iPhoneSimulator.Build.0 = Release|Any CPU
		{E9B2A6F0-9D31-42F6-89A9-546602350129}.Ad-Hoc|Any CPU.ActiveCfg = Release|Any CPU
		{E9B2A6F0-9D31-42F6-89A9-546602350129}.Ad-Hoc|iPhone.ActiveCfg = Release|Any CPU
		{E9B2A6F0-9D31-42F6-89A9-546602350129}.Ad-Hoc|iPhoneSimulator.ActiveCfg = Release|Any CPU
		{E9B2A6F0-9D31-42F6-89A9-546602350129}.AppStore|Any CPU.ActiveCfg = Release|Any CPU
		{E9B2A6F0-9D31-42F6-89A9-546602350129}.AppStore|iPhone.ActiveCfg = Release|Any CPU
		{E9B2A6F0-9D31-42F6-89A9-546602350129}.AppStore|iPhoneSimulator.ActiveCfg = Release|Any CPU
		{E9B2A6F0-9D31-42F6-89A9-546602350129}.Debug|Any CPU.ActiveCfg = Debug|Any CPU
		{E9B2A6F0-9D31-42F6-89A9-546602350129}.Debug|Any CPU.Build.0 = Debug|Any CPU
		{E9B2A6F0-9D31-42F6-89A9-546602350129}.Debug|iPhone.ActiveCfg = Debug|Any CPU
		{E9B2A6F0-9D31-42F6-89A9-546602350129}.Debug|iPhoneSimulator.ActiveCfg = Debug|Any CPU
		{E9B2A6F0-9D31-42F6-89A9-546602350129}.Release|Any CPU.ActiveCfg = Release|Any CPU
		{E9B2A6F0-9D31-42F6-89A9-546602350129}.Release|Any CPU.Build.0 = Release|Any CPU
		{E9B2A6F0-9D31-42F6-89A9-546602350129}.Release|iPhone.ActiveCfg = Release|Any CPU
		{E9B2A6F0-9D31-42F6-89A9-546602350129}.Release|iPhoneSimulator.ActiveCfg = Release|Any CPU
		{4440CB52-A770-4DDC-82E2-426C98CD6AAA}.Ad-Hoc|Any CPU.ActiveCfg = Release|Any CPU
		{4440CB52-A770-4DDC-82E2-426C98CD6AAA}.Ad-Hoc|Any CPU.Build.0 = Release|Any CPU
		{4440CB52-A770-4DDC-82E2-426C98CD6AAA}.Ad-Hoc|iPhone.ActiveCfg = Release|Any CPU
		{4440CB52-A770-4DDC-82E2-426C98CD6AAA}.Ad-Hoc|iPhone.Build.0 = Release|Any CPU
		{4440CB52-A770-4DDC-82E2-426C98CD6AAA}.Ad-Hoc|iPhoneSimulator.ActiveCfg = Release|Any CPU
		{4440CB52-A770-4DDC-82E2-426C98CD6AAA}.Ad-Hoc|iPhoneSimulator.Build.0 = Release|Any CPU
		{4440CB52-A770-4DDC-82E2-426C98CD6AAA}.AppStore|Any CPU.ActiveCfg = Release|Any CPU
		{4440CB52-A770-4DDC-82E2-426C98CD6AAA}.AppStore|Any CPU.Build.0 = Release|Any CPU
		{4440CB52-A770-4DDC-82E2-426C98CD6AAA}.AppStore|iPhone.ActiveCfg = Release|Any CPU
		{4440CB52-A770-4DDC-82E2-426C98CD6AAA}.AppStore|iPhone.Build.0 = Release|Any CPU
		{4440CB52-A770-4DDC-82E2-426C98CD6AAA}.AppStore|iPhoneSimulator.ActiveCfg = Release|Any CPU
		{4440CB52-A770-4DDC-82E2-426C98CD6AAA}.AppStore|iPhoneSimulator.Build.0 = Release|Any CPU
		{4440CB52-A770-4DDC-82E2-426C98CD6AAA}.Debug|Any CPU.ActiveCfg = Debug|Any CPU
		{4440CB52-A770-4DDC-82E2-426C98CD6AAA}.Debug|Any CPU.Build.0 = Debug|Any CPU
		{4440CB52-A770-4DDC-82E2-426C98CD6AAA}.Debug|iPhone.ActiveCfg = Debug|Any CPU
		{4440CB52-A770-4DDC-82E2-426C98CD6AAA}.Debug|iPhone.Build.0 = Debug|Any CPU
		{4440CB52-A770-4DDC-82E2-426C98CD6AAA}.Debug|iPhoneSimulator.ActiveCfg = Debug|Any CPU
		{4440CB52-A770-4DDC-82E2-426C98CD6AAA}.Debug|iPhoneSimulator.Build.0 = Debug|Any CPU
		{4440CB52-A770-4DDC-82E2-426C98CD6AAA}.Release|Any CPU.ActiveCfg = Release|Any CPU
		{4440CB52-A770-4DDC-82E2-426C98CD6AAA}.Release|Any CPU.Build.0 = Release|Any CPU
		{4440CB52-A770-4DDC-82E2-426C98CD6AAA}.Release|iPhone.ActiveCfg = Release|Any CPU
		{4440CB52-A770-4DDC-82E2-426C98CD6AAA}.Release|iPhone.Build.0 = Release|Any CPU
		{4440CB52-A770-4DDC-82E2-426C98CD6AAA}.Release|iPhoneSimulator.ActiveCfg = Release|Any CPU
		{4440CB52-A770-4DDC-82E2-426C98CD6AAA}.Release|iPhoneSimulator.Build.0 = Release|Any CPU
		{55C0E698-9719-49C4-8150-95926F64BD39}.Ad-Hoc|Any CPU.ActiveCfg = Release|Any CPU
		{55C0E698-9719-49C4-8150-95926F64BD39}.Ad-Hoc|Any CPU.Build.0 = Release|Any CPU
		{55C0E698-9719-49C4-8150-95926F64BD39}.Ad-Hoc|Any CPU.Deploy.0 = Release|Any CPU
		{55C0E698-9719-49C4-8150-95926F64BD39}.Ad-Hoc|iPhone.ActiveCfg = Release|Any CPU
		{55C0E698-9719-49C4-8150-95926F64BD39}.Ad-Hoc|iPhone.Build.0 = Release|Any CPU
		{55C0E698-9719-49C4-8150-95926F64BD39}.Ad-Hoc|iPhone.Deploy.0 = Release|Any CPU
		{55C0E698-9719-49C4-8150-95926F64BD39}.Ad-Hoc|iPhoneSimulator.ActiveCfg = Release|Any CPU
		{55C0E698-9719-49C4-8150-95926F64BD39}.Ad-Hoc|iPhoneSimulator.Build.0 = Release|Any CPU
		{55C0E698-9719-49C4-8150-95926F64BD39}.Ad-Hoc|iPhoneSimulator.Deploy.0 = Release|Any CPU
		{55C0E698-9719-49C4-8150-95926F64BD39}.AppStore|Any CPU.ActiveCfg = Release|Any CPU
		{55C0E698-9719-49C4-8150-95926F64BD39}.AppStore|Any CPU.Build.0 = Release|Any CPU
		{55C0E698-9719-49C4-8150-95926F64BD39}.AppStore|Any CPU.Deploy.0 = Release|Any CPU
		{55C0E698-9719-49C4-8150-95926F64BD39}.AppStore|iPhone.ActiveCfg = Release|Any CPU
		{55C0E698-9719-49C4-8150-95926F64BD39}.AppStore|iPhone.Build.0 = Release|Any CPU
		{55C0E698-9719-49C4-8150-95926F64BD39}.AppStore|iPhone.Deploy.0 = Release|Any CPU
		{55C0E698-9719-49C4-8150-95926F64BD39}.AppStore|iPhoneSimulator.ActiveCfg = Release|Any CPU
		{55C0E698-9719-49C4-8150-95926F64BD39}.AppStore|iPhoneSimulator.Build.0 = Release|Any CPU
		{55C0E698-9719-49C4-8150-95926F64BD39}.AppStore|iPhoneSimulator.Deploy.0 = Release|Any CPU
		{55C0E698-9719-49C4-8150-95926F64BD39}.Debug|Any CPU.ActiveCfg = Debug|Any CPU
		{55C0E698-9719-49C4-8150-95926F64BD39}.Debug|Any CPU.Build.0 = Debug|Any CPU
		{55C0E698-9719-49C4-8150-95926F64BD39}.Debug|Any CPU.Deploy.0 = Debug|Any CPU
		{55C0E698-9719-49C4-8150-95926F64BD39}.Debug|iPhone.ActiveCfg = Debug|Any CPU
		{55C0E698-9719-49C4-8150-95926F64BD39}.Debug|iPhone.Build.0 = Debug|Any CPU
		{55C0E698-9719-49C4-8150-95926F64BD39}.Debug|iPhone.Deploy.0 = Debug|Any CPU
		{55C0E698-9719-49C4-8150-95926F64BD39}.Debug|iPhoneSimulator.ActiveCfg = Debug|Any CPU
		{55C0E698-9719-49C4-8150-95926F64BD39}.Debug|iPhoneSimulator.Build.0 = Debug|Any CPU
		{55C0E698-9719-49C4-8150-95926F64BD39}.Debug|iPhoneSimulator.Deploy.0 = Debug|Any CPU
		{55C0E698-9719-49C4-8150-95926F64BD39}.Release|Any CPU.ActiveCfg = Release|Any CPU
		{55C0E698-9719-49C4-8150-95926F64BD39}.Release|Any CPU.Build.0 = Release|Any CPU
		{55C0E698-9719-49C4-8150-95926F64BD39}.Release|Any CPU.Deploy.0 = Release|Any CPU
		{55C0E698-9719-49C4-8150-95926F64BD39}.Release|iPhone.ActiveCfg = Release|Any CPU
		{55C0E698-9719-49C4-8150-95926F64BD39}.Release|iPhone.Build.0 = Release|Any CPU
		{55C0E698-9719-49C4-8150-95926F64BD39}.Release|iPhone.Deploy.0 = Release|Any CPU
		{55C0E698-9719-49C4-8150-95926F64BD39}.Release|iPhoneSimulator.ActiveCfg = Release|Any CPU
		{55C0E698-9719-49C4-8150-95926F64BD39}.Release|iPhoneSimulator.Build.0 = Release|Any CPU
		{55C0E698-9719-49C4-8150-95926F64BD39}.Release|iPhoneSimulator.Deploy.0 = Release|Any CPU
		{EE443FF2-6359-4EE2-AFA4-E5D1B172688A}.Ad-Hoc|Any CPU.ActiveCfg = Release|Any CPU
		{EE443FF2-6359-4EE2-AFA4-E5D1B172688A}.Ad-Hoc|Any CPU.Build.0 = Release|Any CPU
		{EE443FF2-6359-4EE2-AFA4-E5D1B172688A}.Ad-Hoc|Any CPU.Deploy.0 = Release|Any CPU
		{EE443FF2-6359-4EE2-AFA4-E5D1B172688A}.Ad-Hoc|iPhone.ActiveCfg = Release|Any CPU
		{EE443FF2-6359-4EE2-AFA4-E5D1B172688A}.Ad-Hoc|iPhone.Build.0 = Release|Any CPU
		{EE443FF2-6359-4EE2-AFA4-E5D1B172688A}.Ad-Hoc|iPhone.Deploy.0 = Release|Any CPU
		{EE443FF2-6359-4EE2-AFA4-E5D1B172688A}.Ad-Hoc|iPhoneSimulator.ActiveCfg = Release|Any CPU
		{EE443FF2-6359-4EE2-AFA4-E5D1B172688A}.Ad-Hoc|iPhoneSimulator.Build.0 = Release|Any CPU
		{EE443FF2-6359-4EE2-AFA4-E5D1B172688A}.Ad-Hoc|iPhoneSimulator.Deploy.0 = Release|Any CPU
		{EE443FF2-6359-4EE2-AFA4-E5D1B172688A}.AppStore|Any CPU.ActiveCfg = Release|Any CPU
		{EE443FF2-6359-4EE2-AFA4-E5D1B172688A}.AppStore|Any CPU.Build.0 = Release|Any CPU
		{EE443FF2-6359-4EE2-AFA4-E5D1B172688A}.AppStore|Any CPU.Deploy.0 = Release|Any CPU
		{EE443FF2-6359-4EE2-AFA4-E5D1B172688A}.AppStore|iPhone.ActiveCfg = Release|Any CPU
		{EE443FF2-6359-4EE2-AFA4-E5D1B172688A}.AppStore|iPhone.Build.0 = Release|Any CPU
		{EE443FF2-6359-4EE2-AFA4-E5D1B172688A}.AppStore|iPhone.Deploy.0 = Release|Any CPU
		{EE443FF2-6359-4EE2-AFA4-E5D1B172688A}.AppStore|iPhoneSimulator.ActiveCfg = Release|Any CPU
		{EE443FF2-6359-4EE2-AFA4-E5D1B172688A}.AppStore|iPhoneSimulator.Build.0 = Release|Any CPU
		{EE443FF2-6359-4EE2-AFA4-E5D1B172688A}.AppStore|iPhoneSimulator.Deploy.0 = Release|Any CPU
		{EE443FF2-6359-4EE2-AFA4-E5D1B172688A}.Debug|Any CPU.ActiveCfg = Debug|Any CPU
		{EE443FF2-6359-4EE2-AFA4-E5D1B172688A}.Debug|Any CPU.Build.0 = Debug|Any CPU
		{EE443FF2-6359-4EE2-AFA4-E5D1B172688A}.Debug|Any CPU.Deploy.0 = Debug|Any CPU
		{EE443FF2-6359-4EE2-AFA4-E5D1B172688A}.Debug|iPhone.ActiveCfg = Debug|Any CPU
		{EE443FF2-6359-4EE2-AFA4-E5D1B172688A}.Debug|iPhone.Build.0 = Debug|Any CPU
		{EE443FF2-6359-4EE2-AFA4-E5D1B172688A}.Debug|iPhone.Deploy.0 = Debug|Any CPU
		{EE443FF2-6359-4EE2-AFA4-E5D1B172688A}.Debug|iPhoneSimulator.ActiveCfg = Debug|Any CPU
		{EE443FF2-6359-4EE2-AFA4-E5D1B172688A}.Debug|iPhoneSimulator.Build.0 = Debug|Any CPU
		{EE443FF2-6359-4EE2-AFA4-E5D1B172688A}.Debug|iPhoneSimulator.Deploy.0 = Debug|Any CPU
		{EE443FF2-6359-4EE2-AFA4-E5D1B172688A}.Release|Any CPU.ActiveCfg = Release|Any CPU
		{EE443FF2-6359-4EE2-AFA4-E5D1B172688A}.Release|Any CPU.Build.0 = Release|Any CPU
		{EE443FF2-6359-4EE2-AFA4-E5D1B172688A}.Release|Any CPU.Deploy.0 = Release|Any CPU
		{EE443FF2-6359-4EE2-AFA4-E5D1B172688A}.Release|iPhone.ActiveCfg = Release|Any CPU
		{EE443FF2-6359-4EE2-AFA4-E5D1B172688A}.Release|iPhone.Build.0 = Release|Any CPU
		{EE443FF2-6359-4EE2-AFA4-E5D1B172688A}.Release|iPhone.Deploy.0 = Release|Any CPU
		{EE443FF2-6359-4EE2-AFA4-E5D1B172688A}.Release|iPhoneSimulator.ActiveCfg = Release|Any CPU
		{EE443FF2-6359-4EE2-AFA4-E5D1B172688A}.Release|iPhoneSimulator.Build.0 = Release|Any CPU
		{EE443FF2-6359-4EE2-AFA4-E5D1B172688A}.Release|iPhoneSimulator.Deploy.0 = Release|Any CPU
		{20911EFF-1311-4055-8C63-8B304FAFE81E}.Ad-Hoc|Any CPU.ActiveCfg = Ad-Hoc|iPhone
		{20911EFF-1311-4055-8C63-8B304FAFE81E}.Ad-Hoc|iPhone.ActiveCfg = Ad-Hoc|iPhone
		{20911EFF-1311-4055-8C63-8B304FAFE81E}.Ad-Hoc|iPhone.Build.0 = Ad-Hoc|iPhone
		{20911EFF-1311-4055-8C63-8B304FAFE81E}.Ad-Hoc|iPhoneSimulator.ActiveCfg = Ad-Hoc|iPhoneSimulator
		{20911EFF-1311-4055-8C63-8B304FAFE81E}.Ad-Hoc|iPhoneSimulator.Build.0 = Ad-Hoc|iPhoneSimulator
		{20911EFF-1311-4055-8C63-8B304FAFE81E}.AppStore|Any CPU.ActiveCfg = AppStore|iPhone
		{20911EFF-1311-4055-8C63-8B304FAFE81E}.AppStore|iPhone.ActiveCfg = AppStore|iPhone
		{20911EFF-1311-4055-8C63-8B304FAFE81E}.AppStore|iPhone.Build.0 = AppStore|iPhone
		{20911EFF-1311-4055-8C63-8B304FAFE81E}.AppStore|iPhoneSimulator.ActiveCfg = AppStore|iPhoneSimulator
		{20911EFF-1311-4055-8C63-8B304FAFE81E}.AppStore|iPhoneSimulator.Build.0 = AppStore|iPhoneSimulator
		{20911EFF-1311-4055-8C63-8B304FAFE81E}.Debug|Any CPU.ActiveCfg = Debug|iPhone
		{20911EFF-1311-4055-8C63-8B304FAFE81E}.Debug|iPhone.ActiveCfg = Debug|iPhone
		{20911EFF-1311-4055-8C63-8B304FAFE81E}.Debug|iPhone.Build.0 = Debug|iPhone
		{20911EFF-1311-4055-8C63-8B304FAFE81E}.Debug|iPhoneSimulator.ActiveCfg = Debug|iPhoneSimulator
		{20911EFF-1311-4055-8C63-8B304FAFE81E}.Debug|iPhoneSimulator.Build.0 = Debug|iPhoneSimulator
		{20911EFF-1311-4055-8C63-8B304FAFE81E}.Release|Any CPU.ActiveCfg = Release|iPhone
		{20911EFF-1311-4055-8C63-8B304FAFE81E}.Release|iPhone.ActiveCfg = Release|iPhone
		{20911EFF-1311-4055-8C63-8B304FAFE81E}.Release|iPhone.Build.0 = Release|iPhone
		{20911EFF-1311-4055-8C63-8B304FAFE81E}.Release|iPhoneSimulator.ActiveCfg = Release|iPhoneSimulator
		{20911EFF-1311-4055-8C63-8B304FAFE81E}.Release|iPhoneSimulator.Build.0 = Release|iPhoneSimulator
	EndGlobalSection
	GlobalSection(SolutionProperties) = preSolution
		HideSolutionNode = FALSE
	EndGlobalSection
	GlobalSection(NestedProjects) = preSolution
		{2DC44AB7-0293-4716-94A2-08AB73845E42} = {6397EED4-FDE3-446F-9E84-8784269D9A61}
		{FA1CF9C6-CEBC-46E7-9600-19EEF0B2A5A5} = {6397EED4-FDE3-446F-9E84-8784269D9A61}
		{70790C14-65DB-474C-845A-FEC9E054C392} = {6397EED4-FDE3-446F-9E84-8784269D9A61}
		{97B87D5F-A00B-44C1-940D-B6B62D7EC447} = {2DC44AB7-0293-4716-94A2-08AB73845E42}
		{1853F77F-26C1-4EA7-9375-9428402EE234} = {2DC44AB7-0293-4716-94A2-08AB73845E42}
		{777F8DC0-C111-4BF9-A20D-414887CF4535} = {2DC44AB7-0293-4716-94A2-08AB73845E42}
		{D4FFEE23-943C-41A1-8DDF-2F8AAEA57B2A} = {FA1CF9C6-CEBC-46E7-9600-19EEF0B2A5A5}
		{DAEE2D99-39BE-4D03-89AA-BF8133351CA0} = {FA1CF9C6-CEBC-46E7-9600-19EEF0B2A5A5}
		{F457B211-8412-4CAB-AA9B-B0EDA7D463D1} = {FA1CF9C6-CEBC-46E7-9600-19EEF0B2A5A5}
		{9B0EF294-9F87-4A06-8A94-2469F60D14B8} = {70790C14-65DB-474C-845A-FEC9E054C392}
		{54AAED45-71D3-44F4-80C0-72F9A19FD3AA} = {70790C14-65DB-474C-845A-FEC9E054C392}
		{C7FA430A-AC85-470A-8025-53DE372196F3} = {70790C14-65DB-474C-845A-FEC9E054C392}
		{E702A507-0324-4AF6-A205-76CFE71EF68B} = {54E74E31-2693-4B0F-8BEF-FFA5C8A56EAF}
		{4440CB52-A770-4DDC-82E2-426C98CD6AAA} = {E702A507-0324-4AF6-A205-76CFE71EF68B}
		{CF5CB335-4388-423D-B740-801999D7B706} = {C327388E-BB5F-4D6D-BC14-79CAFCF746C6}
		{55C0E698-9719-49C4-8150-95926F64BD39} = {CF5CB335-4388-423D-B740-801999D7B706}
		{EE443FF2-6359-4EE2-AFA4-E5D1B172688A} = {CF5CB335-4388-423D-B740-801999D7B706}
		{20911EFF-1311-4055-8C63-8B304FAFE81E} = {CF5CB335-4388-423D-B740-801999D7B706}
		{0E0CA154-F0B2-447E-98B7-BF18DB5E3BCA} = {CF5CB335-4388-423D-B740-801999D7B706}
	EndGlobalSection
	GlobalSection(ExtensibilityGlobals) = postSolution
		SolutionGuid = {C20FF921-117E-46E1-876B-445D5730036E}
	EndGlobalSection
EndGlobal
