
Microsoft Visual Studio Solution File, Format Version 12.00
# Visual Studio 15
VisualStudioVersion = 15.0.28307.421
MinimumVisualStudioVersion = 10.0.40219.1
Project("{FAE04EC0-301F-11D3-BF4B-00C04F79EFBC}") = "ISSMobile.Android", "ISSMobile\ISSMobile.Android\ISSMobile.Android.csproj", "{E7685ADB-FAA5-496A-9E90-C8A3467F1140}"
EndProject
Project("{FAE04EC0-301F-11D3-BF4B-00C04F79EFBC}") = "ISSMobile.iOS", "ISSMobile\ISSMobile.iOS\ISSMobile.iOS.csproj", "{08ED0FCE-CE9F-4410-AF7D-C7F2C8626F14}"
EndProject
Project("{FAE04EC0-301F-11D3-BF4B-00C04F79EFBC}") = "ISSMobile", "ISSMobile\ISSMobile\ISSMobile.csproj", "{8777D122-9132-46F7-A9A6-0DA4004107C4}"
EndProject
Global
	GlobalSection(SolutionConfigurationPlatforms) = preSolution
		Ad-Hoc|Any CPU = Ad-Hoc|Any CPU
		Ad-Hoc|iPhone = Ad-Hoc|iPhone
		Ad-Hoc|iPhoneSimulator = Ad-Hoc|iPhoneSimulator
		AppStore|Any CPU = AppStore|Any CPU
		AppStore|iPhone = AppStore|iPhone
		AppStore|iPhoneSimulator = AppStore|iPhoneSimulator
		Debug|Any CPU = Debug|Any CPU
		Debug|iPhone = Debug|iPhone
		Debug|iPhoneSimulator = Debug|iPhoneSimulator
		Release|Any CPU = Release|Any CPU
		Release|iPhone = Release|iPhone
		Release|iPhoneSimulator = Release|iPhoneSimulator
	EndGlobalSection
	GlobalSection(ProjectConfigurationPlatforms) = postSolution
		{E7685ADB-FAA5-496A-9E90-C8A3467F1140}.Ad-Hoc|Any CPU.ActiveCfg = Release|Any CPU
		{E7685ADB-FAA5-496A-9E90-C8A3467F1140}.Ad-Hoc|Any CPU.Build.0 = Release|Any CPU
		{E7685ADB-FAA5-496A-9E90-C8A3467F1140}.Ad-Hoc|Any CPU.Deploy.0 = Release|Any CPU
		{E7685ADB-FAA5-496A-9E90-C8A3467F1140}.Ad-Hoc|iPhone.ActiveCfg = Release|Any CPU
		{E7685ADB-FAA5-496A-9E90-C8A3467F1140}.Ad-Hoc|iPhone.Build.0 = Release|Any CPU
		{E7685ADB-FAA5-496A-9E90-C8A3467F1140}.Ad-Hoc|iPhone.Deploy.0 = Release|Any CPU
		{E7685ADB-FAA5-496A-9E90-C8A3467F1140}.Ad-Hoc|iPhoneSimulator.ActiveCfg = Release|Any CPU
		{E7685ADB-FAA5-496A-9E90-C8A3467F1140}.Ad-Hoc|iPhoneSimulator.Build.0 = Release|Any CPU
		{E7685ADB-FAA5-496A-9E90-C8A3467F1140}.Ad-Hoc|iPhoneSimulator.Deploy.0 = Release|Any CPU
		{E7685ADB-FAA5-496A-9E90-C8A3467F1140}.AppStore|Any CPU.ActiveCfg = Release|Any CPU
		{E7685ADB-FAA5-496A-9E90-C8A3467F1140}.AppStore|Any CPU.Build.0 = Release|Any CPU
		{E7685ADB-FAA5-496A-9E90-C8A3467F1140}.AppStore|Any CPU.Deploy.0 = Release|Any CPU
		{E7685ADB-FAA5-496A-9E90-C8A3467F1140}.AppStore|iPhone.ActiveCfg = Release|Any CPU
		{E7685ADB-FAA5-496A-9E90-C8A3467F1140}.AppStore|iPhone.Build.0 = Release|Any CPU
		{E7685ADB-FAA5-496A-9E90-C8A3467F1140}.AppStore|iPhone.Deploy.0 = Release|Any CPU
		{E7685ADB-FAA5-496A-9E90-C8A3467F1140}.AppStore|iPhoneSimulator.ActiveCfg = Release|Any CPU
		{E7685ADB-FAA5-496A-9E90-C8A3467F1140}.AppStore|iPhoneSimulator.Build.0 = Release|Any CPU
		{E7685ADB-FAA5-496A-9E90-C8A3467F1140}.AppStore|iPhoneSimulator.Deploy.0 = Release|Any CPU
		{E7685ADB-FAA5-496A-9E90-C8A3467F1140}.Debug|Any CPU.ActiveCfg = Debug|Any CPU
		{E7685ADB-FAA5-496A-9E90-C8A3467F1140}.Debug|Any CPU.Build.0 = Debug|Any CPU
		{E7685ADB-FAA5-496A-9E90-C8A3467F1140}.Debug|Any CPU.Deploy.0 = Debug|Any CPU
		{E7685ADB-FAA5-496A-9E90-C8A3467F1140}.Debug|iPhone.ActiveCfg = Debug|Any CPU
		{E7685ADB-FAA5-496A-9E90-C8A3467F1140}.Debug|iPhone.Build.0 = Debug|Any CPU
		{E7685ADB-FAA5-496A-9E90-C8A3467F1140}.Debug|iPhone.Deploy.0 = Debug|Any CPU
		{E7685ADB-FAA5-496A-9E90-C8A3467F1140}.Debug|iPhoneSimulator.ActiveCfg = Debug|Any CPU
		{E7685ADB-FAA5-496A-9E90-C8A3467F1140}.Debug|iPhoneSimulator.Build.0 = Debug|Any CPU
		{E7685ADB-FAA5-496A-9E90-C8A3467F1140}.Debug|iPhoneSimulator.Deploy.0 = Debug|Any CPU
		{E7685ADB-FAA5-496A-9E90-C8A3467F1140}.Release|Any CPU.ActiveCfg = Release|Any CPU
		{E7685ADB-FAA5-496A-9E90-C8A3467F1140}.Release|Any CPU.Build.0 = Release|Any CPU
		{E7685ADB-FAA5-496A-9E90-C8A3467F1140}.Release|Any CPU.Deploy.0 = Release|Any CPU
		{E7685ADB-FAA5-496A-9E90-C8A3467F1140}.Release|iPhone.ActiveCfg = Release|Any CPU
		{E7685ADB-FAA5-496A-9E90-C8A3467F1140}.Release|iPhone.Build.0 = Release|Any CPU
		{E7685ADB-FAA5-496A-9E90-C8A3467F1140}.Release|iPhone.Deploy.0 = Release|Any CPU
		{E7685ADB-FAA5-496A-9E90-C8A3467F1140}.Release|iPhoneSimulator.ActiveCfg = Release|Any CPU
		{E7685ADB-FAA5-496A-9E90-C8A3467F1140}.Release|iPhoneSimulator.Build.0 = Release|Any CPU
		{E7685ADB-FAA5-496A-9E90-C8A3467F1140}.Release|iPhoneSimulator.Deploy.0 = Release|Any CPU
		{08ED0FCE-CE9F-4410-AF7D-C7F2C8626F14}.Ad-Hoc|Any CPU.ActiveCfg = Ad-Hoc|iPhone
		{08ED0FCE-CE9F-4410-AF7D-C7F2C8626F14}.Ad-Hoc|Any CPU.Build.0 = Ad-Hoc|iPhone
		{08ED0FCE-CE9F-4410-AF7D-C7F2C8626F14}.Ad-Hoc|Any CPU.Deploy.0 = Ad-Hoc|iPhone
		{08ED0FCE-CE9F-4410-AF7D-C7F2C8626F14}.Ad-Hoc|iPhone.ActiveCfg = Ad-Hoc|iPhone
		{08ED0FCE-CE9F-4410-AF7D-C7F2C8626F14}.Ad-Hoc|iPhone.Build.0 = Ad-Hoc|iPhone
		{08ED0FCE-CE9F-4410-AF7D-C7F2C8626F14}.Ad-Hoc|iPhone.Deploy.0 = Ad-Hoc|iPhone
		{08ED0FCE-CE9F-4410-AF7D-C7F2C8626F14}.Ad-Hoc|iPhoneSimulator.ActiveCfg = Ad-Hoc|iPhoneSimulator
		{08ED0FCE-CE9F-4410-AF7D-C7F2C8626F14}.Ad-Hoc|iPhoneSimulator.Build.0 = Ad-Hoc|iPhoneSimulator
		{08ED0FCE-CE9F-4410-AF7D-C7F2C8626F14}.Ad-Hoc|iPhoneSimulator.Deploy.0 = Ad-Hoc|iPhoneSimulator
		{08ED0FCE-CE9F-4410-AF7D-C7F2C8626F14}.AppStore|Any CPU.ActiveCfg = AppStore|iPhone
		{08ED0FCE-CE9F-4410-AF7D-C7F2C8626F14}.AppStore|Any CPU.Build.0 = AppStore|iPhone
		{08ED0FCE-CE9F-4410-AF7D-C7F2C8626F14}.AppStore|Any CPU.Deploy.0 = AppStore|iPhone
		{08ED0FCE-CE9F-4410-AF7D-C7F2C8626F14}.AppStore|iPhone.ActiveCfg = AppStore|iPhone
		{08ED0FCE-CE9F-4410-AF7D-C7F2C8626F14}.AppStore|iPhone.Build.0 = AppStore|iPhone
		{08ED0FCE-CE9F-4410-AF7D-C7F2C8626F14}.AppStore|iPhone.Deploy.0 = AppStore|iPhone
		{08ED0FCE-CE9F-4410-AF7D-C7F2C8626F14}.AppStore|iPhoneSimulator.ActiveCfg = AppStore|iPhoneSimulator
		{08ED0FCE-CE9F-4410-AF7D-C7F2C8626F14}.AppStore|iPhoneSimulator.Build.0 = AppStore|iPhoneSimulator
		{08ED0FCE-CE9F-4410-AF7D-C7F2C8626F14}.AppStore|iPhoneSimulator.Deploy.0 = AppStore|iPhoneSimulator
		{08ED0FCE-CE9F-4410-AF7D-C7F2C8626F14}.Debug|Any CPU.ActiveCfg = Debug|iPhoneSimulator
		{08ED0FCE-CE9F-4410-AF7D-C7F2C8626F14}.Debug|Any CPU.Build.0 = Debug|iPhoneSimulator
		{08ED0FCE-CE9F-4410-AF7D-C7F2C8626F14}.Debug|Any CPU.Deploy.0 = Debug|iPhoneSimulator
		{08ED0FCE-CE9F-4410-AF7D-C7F2C8626F14}.Debug|iPhone.ActiveCfg = Debug|iPhone
		{08ED0FCE-CE9F-4410-AF7D-C7F2C8626F14}.Debug|iPhone.Build.0 = Debug|iPhone
		{08ED0FCE-CE9F-4410-AF7D-C7F2C8626F14}.Debug|iPhone.Deploy.0 = Debug|iPhone
		{08ED0FCE-CE9F-4410-AF7D-C7F2C8626F14}.Debug|iPhoneSimulator.ActiveCfg = Debug|iPhoneSimulator
		{08ED0FCE-CE9F-4410-AF7D-C7F2C8626F14}.Debug|iPhoneSimulator.Build.0 = Debug|iPhoneSimulator
		{08ED0FCE-CE9F-4410-AF7D-C7F2C8626F14}.Debug|iPhoneSimulator.Deploy.0 = Debug|iPhoneSimulator
		{08ED0FCE-CE9F-4410-AF7D-C7F2C8626F14}.Release|Any CPU.ActiveCfg = Release|iPhone
		{08ED0FCE-CE9F-4410-AF7D-C7F2C8626F14}.Release|Any CPU.Build.0 = Release|iPhone
		{08ED0FCE-CE9F-4410-AF7D-C7F2C8626F14}.Release|Any CPU.Deploy.0 = Release|iPhone
		{08ED0FCE-CE9F-4410-AF7D-C7F2C8626F14}.Release|iPhone.ActiveCfg = Release|iPhone
		{08ED0FCE-CE9F-4410-AF7D-C7F2C8626F14}.Release|iPhone.Build.0 = Release|iPhone
		{08ED0FCE-CE9F-4410-AF7D-C7F2C8626F14}.Release|iPhone.Deploy.0 = Release|iPhone
		{08ED0FCE-CE9F-4410-AF7D-C7F2C8626F14}.Release|iPhoneSimulator.ActiveCfg = Release|iPhoneSimulator
		{08ED0FCE-CE9F-4410-AF7D-C7F2C8626F14}.Release|iPhoneSimulator.Build.0 = Release|iPhoneSimulator
		{08ED0FCE-CE9F-4410-AF7D-C7F2C8626F14}.Release|iPhoneSimulator.Deploy.0 = Release|iPhoneSimulator
		{8777D122-9132-46F7-A9A6-0DA4004107C4}.Ad-Hoc|Any CPU.ActiveCfg = Debug|Any CPU
		{8777D122-9132-46F7-A9A6-0DA4004107C4}.Ad-Hoc|Any CPU.Build.0 = Debug|Any CPU
		{8777D122-9132-46F7-A9A6-0DA4004107C4}.Ad-Hoc|Any CPU.Deploy.0 = Debug|Any CPU
		{8777D122-9132-46F7-A9A6-0DA4004107C4}.Ad-Hoc|iPhone.ActiveCfg = Debug|Any CPU
		{8777D122-9132-46F7-A9A6-0DA4004107C4}.Ad-Hoc|iPhone.Build.0 = Debug|Any CPU
		{8777D122-9132-46F7-A9A6-0DA4004107C4}.Ad-Hoc|iPhone.Deploy.0 = Debug|Any CPU
		{8777D122-9132-46F7-A9A6-0DA4004107C4}.Ad-Hoc|iPhoneSimulator.ActiveCfg = Debug|Any CPU
		{8777D122-9132-46F7-A9A6-0DA4004107C4}.Ad-Hoc|iPhoneSimulator.Build.0 = Debug|Any CPU
		{8777D122-9132-46F7-A9A6-0DA4004107C4}.Ad-Hoc|iPhoneSimulator.Deploy.0 = Debug|Any CPU
		{8777D122-9132-46F7-A9A6-0DA4004107C4}.AppStore|Any CPU.ActiveCfg = Debug|Any CPU
		{8777D122-9132-46F7-A9A6-0DA4004107C4}.AppStore|Any CPU.Build.0 = Debug|Any CPU
		{8777D122-9132-46F7-A9A6-0DA4004107C4}.AppStore|Any CPU.Deploy.0 = Debug|Any CPU
		{8777D122-9132-46F7-A9A6-0DA4004107C4}.AppStore|iPhone.ActiveCfg = Debug|Any CPU
		{8777D122-9132-46F7-A9A6-0DA4004107C4}.AppStore|iPhone.Build.0 = Debug|Any CPU
		{8777D122-9132-46F7-A9A6-0DA4004107C4}.AppStore|iPhone.Deploy.0 = Debug|Any CPU
		{8777D122-9132-46F7-A9A6-0DA4004107C4}.AppStore|iPhoneSimulator.ActiveCfg = Debug|Any CPU
		{8777D122-9132-46F7-A9A6-0DA4004107C4}.AppStore|iPhoneSimulator.Build.0 = Debug|Any CPU
		{8777D122-9132-46F7-A9A6-0DA4004107C4}.AppStore|iPhoneSimulator.Deploy.0 = Debug|Any CPU
		{8777D122-9132-46F7-A9A6-0DA4004107C4}.Debug|Any CPU.ActiveCfg = Debug|Any CPU
		{8777D122-9132-46F7-A9A6-0DA4004107C4}.Debug|Any CPU.Build.0 = Debug|Any CPU
		{8777D122-9132-46F7-A9A6-0DA4004107C4}.Debug|Any CPU.Deploy.0 = Debug|Any CPU
		{8777D122-9132-46F7-A9A6-0DA4004107C4}.Debug|iPhone.ActiveCfg = Debug|Any CPU
		{8777D122-9132-46F7-A9A6-0DA4004107C4}.Debug|iPhone.Build.0 = Debug|Any CPU
		{8777D122-9132-46F7-A9A6-0DA4004107C4}.Debug|iPhone.Deploy.0 = Debug|Any CPU
		{8777D122-9132-46F7-A9A6-0DA4004107C4}.Debug|iPhoneSimulator.ActiveCfg = Debug|Any CPU
		{8777D122-9132-46F7-A9A6-0DA4004107C4}.Debug|iPhoneSimulator.Build.0 = Debug|Any CPU
		{8777D122-9132-46F7-A9A6-0DA4004107C4}.Debug|iPhoneSimulator.Deploy.0 = Debug|Any CPU
		{8777D122-9132-46F7-A9A6-0DA4004107C4}.Release|Any CPU.ActiveCfg = Release|Any CPU
		{8777D122-9132-46F7-A9A6-0DA4004107C4}.Release|Any CPU.Build.0 = Release|Any CPU
		{8777D122-9132-46F7-A9A6-0DA4004107C4}.Release|Any CPU.Deploy.0 = Release|Any CPU
		{8777D122-9132-46F7-A9A6-0DA4004107C4}.Release|iPhone.ActiveCfg = Release|Any CPU
		{8777D122-9132-46F7-A9A6-0DA4004107C4}.Release|iPhone.Build.0 = Release|Any CPU
		{8777D122-9132-46F7-A9A6-0DA4004107C4}.Release|iPhone.Deploy.0 = Release|Any CPU
		{8777D122-9132-46F7-A9A6-0DA4004107C4}.Release|iPhoneSimulator.ActiveCfg = Release|Any CPU
		{8777D122-9132-46F7-A9A6-0DA4004107C4}.Release|iPhoneSimulator.Build.0 = Release|Any CPU
		{8777D122-9132-46F7-A9A6-0DA4004107C4}.Release|iPhoneSimulator.Deploy.0 = Release|Any CPU
	EndGlobalSection
	GlobalSection(SolutionProperties) = preSolution
		HideSolutionNode = FALSE
	EndGlobalSection
	GlobalSection(ExtensibilityGlobals) = postSolution
		SolutionGuid = {F7C0E01F-0808-479A-B727-DE5396AAD3B6}
	EndGlobalSection
EndGlobal
